{
  "name": "@w-kuipers/alphadb",
  "version": "12.2.13",
  "lockfileVersion": 3,
  "requires": true,
  "packages": {
    "": {
      "name": "@w-kuipers/alphadb",
      "version": "12.2.13",
      "hasInstallScript": true,
      "license": "GPL-3.0",
      "dependencies": {
        "@neon-rs/cli": "^0.1.82",
        "@neon-rs/load": "^0.1.82",
        "node-fetch": "^3.3.2"
      },
      "devDependencies": {
        "@tsconfig/node20": "^20.1.4",
        "@types/node": "^20.11.16",
        "typescript": "^5.3.3"
      }
    },
    "node_modules/@cargo-messages/linux-x64-gnu": {
      "version": "0.1.81",
      "resolved": "https://registry.npmjs.org/@cargo-messages/linux-x64-gnu/-/linux-x64-gnu-0.1.81.tgz",
      "integrity": "sha512-wEFYxCdtHNiEvp5KEg17CfRCUdfRTtkL+1GASROyvYEUV6DQf6TXxfHuuWg2xlVxh5fqiTGFSRfiqFrCDL/xrw==",
      "cpu": [
        "x64"
      ],
      "license": "MIT",
      "optional": true,
      "os": [
        "linux"
      ]
    },
    "node_modules/@cargo-messages/linux-x64-musl": {
      "version": "0.1.81",
      "resolved": "https://registry.npmjs.org/@cargo-messages/linux-x64-musl/-/linux-x64-musl-0.1.81.tgz",
      "integrity": "sha512-zi5pKIh60oPwOCDQapAZ3Mya4y56MI2BoGvY8JtztYaXTorGmAoyf6jjb50Wt+HfoYYjM3OlPt03XMlCFZJnIQ==",
      "cpu": [
        "x64"
      ],
      "license": "MIT",
      "optional": true,
      "os": [
        "linux"
      ]
    },
    "node_modules/@neon-rs/cli": {
      "version": "0.1.82",
      "resolved": "https://registry.npmjs.org/@neon-rs/cli/-/cli-0.1.82.tgz",
      "integrity": "sha512-QrlGPQp9KOGuMvjjua79lEV2QTcE16m8JatG5ITdQpBAwRQpDw5xab57W9130y2iUEfMzYtp7v6pcN1fUB0Exg==",
      "license": "MIT",
      "bin": {
        "neon": "index.js"
      },
      "optionalDependencies": {
        "@cargo-messages/android-arm-eabi": "0.1.81",
        "@cargo-messages/darwin-arm64": "0.1.81",
        "@cargo-messages/darwin-x64": "0.1.81",
        "@cargo-messages/linux-arm-gnueabihf": "0.1.81",
        "@cargo-messages/linux-arm64-gnu": "0.1.81",
        "@cargo-messages/linux-arm64-musl": "0.1.81",
        "@cargo-messages/linux-x64-gnu": "0.1.81",
        "@cargo-messages/linux-x64-musl": "0.1.81",
        "@cargo-messages/win32-arm64-msvc": "0.1.81",
        "@cargo-messages/win32-x64-msvc": "0.1.81"
      }
    },
    "node_modules/@neon-rs/load": {
      "version": "0.1.82",
      "resolved": "https://registry.npmjs.org/@neon-rs/load/-/load-0.1.82.tgz",
      "integrity": "sha512-H4Gu2o5kPp+JOEhRrOQCnJnf7X6sv9FBLttM/wSbb4efsgFWeHzfU/ItZ01E5qqEk+U6QGdeVO7lxXIAtYHr5A==",
      "license": "MIT"
    },
    "node_modules/@tsconfig/node20": {
      "version": "20.1.4",
      "resolved": "https://registry.npmjs.org/@tsconfig/node20/-/node20-20.1.4.tgz",
      "integrity": "sha512-sqgsT69YFeLWf5NtJ4Xq/xAF8p4ZQHlmGW74Nu2tD4+g5fAsposc4ZfaaPixVu4y01BEiDCWLRDCvDM5JOsRxg==",
      "dev": true,
      "license": "MIT"
    },
    "node_modules/@types/node": {
      "version": "20.17.10",
      "resolved": "https://registry.npmjs.org/@types/node/-/node-20.17.10.tgz",
      "integrity": "sha512-/jrvh5h6NXhEauFFexRin69nA0uHJ5gwk4iDivp/DeoEua3uwCUto6PC86IpRITBOs4+6i2I56K5x5b6WYGXHA==",
      "dev": true,
      "license": "MIT",
      "dependencies": {
        "undici-types": "~6.19.2"
      }
    },
    "node_modules/data-uri-to-buffer": {
      "version": "4.0.1",
      "resolved": "https://registry.npmjs.org/data-uri-to-buffer/-/data-uri-to-buffer-4.0.1.tgz",
      "integrity": "sha512-0R9ikRb668HB7QDxT1vkpuUBtqc53YyAwMwGeUFKRojY/NWKvdZ+9UYtRfGmhqNbRkTSVpMbmyhXipFFv2cb/A==",
      "license": "MIT",
      "engines": {
        "node": ">= 12"
      }
    },
    "node_modules/fetch-blob": {
      "version": "3.2.0",
      "resolved": "https://registry.npmjs.org/fetch-blob/-/fetch-blob-3.2.0.tgz",
      "integrity": "sha512-7yAQpD2UMJzLi1Dqv7qFYnPbaPx7ZfFK6PiIxQ4PfkGPyNyl2Ugx+a/umUonmKqjhM4DnfbMvdX6otXq83soQQ==",
      "funding": [
        {
          "type": "github",
          "url": "https://github.com/sponsors/jimmywarting"
        },
        {
          "type": "paypal",
          "url": "https://paypal.me/jimmywarting"
        }
      ],
      "license": "MIT",
      "dependencies": {
        "node-domexception": "^1.0.0",
        "web-streams-polyfill": "^3.0.3"
      },
      "engines": {
        "node": "^12.20 || >= 14.13"
      }
    },
    "node_modules/formdata-polyfill": {
      "version": "4.0.10",
      "resolved": "https://registry.npmjs.org/formdata-polyfill/-/formdata-polyfill-4.0.10.tgz",
      "integrity": "sha512-buewHzMvYL29jdeQTVILecSaZKnt/RJWjoZCF5OW60Z67/GmSLBkOFM7qh1PI3zFNtJbaZL5eQu1vLfazOwj4g==",
      "license": "MIT",
      "dependencies": {
        "fetch-blob": "^3.1.2"
      },
      "engines": {
        "node": ">=12.20.0"
      }
    },
    "node_modules/node-domexception": {
      "version": "1.0.0",
      "resolved": "https://registry.npmjs.org/node-domexception/-/node-domexception-1.0.0.tgz",
      "integrity": "sha512-/jKZoMpw0F8GRwl4/eLROPA3cfcXtLApP0QzLmUT/HuPCZWyB7IY9ZrMeKw2O/nFIqPQB3PVM9aYm0F312AXDQ==",
      "funding": [
        {
          "type": "github",
          "url": "https://github.com/sponsors/jimmywarting"
        },
        {
          "type": "github",
          "url": "https://paypal.me/jimmywarting"
        }
      ],
      "license": "MIT",
      "engines": {
        "node": ">=10.5.0"
      }
    },
    "node_modules/node-fetch": {
      "version": "3.3.2",
      "resolved": "https://registry.npmjs.org/node-fetch/-/node-fetch-3.3.2.tgz",
      "integrity": "sha512-dRB78srN/l6gqWulah9SrxeYnxeddIG30+GOqK/9OlLVyLg3HPnr6SqOWTWOXKRwC2eGYCkZ59NNuSgvSrpgOA==",
      "license": "MIT",
      "dependencies": {
        "data-uri-to-buffer": "^4.0.0",
        "fetch-blob": "^3.1.4",
        "formdata-polyfill": "^4.0.10"
      },
      "engines": {
        "node": "^12.20.0 || ^14.13.1 || >=16.0.0"
      },
      "funding": {
        "type": "opencollective",
        "url": "https://opencollective.com/node-fetch"
      }
    },
    "node_modules/typescript": {
      "version": "5.7.2",
      "resolved": "https://registry.npmjs.org/typescript/-/typescript-5.7.2.tgz",
      "integrity": "sha512-i5t66RHxDvVN40HfDd1PsEThGNnlMCMT3jMUuoh9/0TaqWevNontacunWyN02LA9/fIbEWlcHZcgTKb9QoaLfg==",
      "dev": true,
      "license": "Apache-2.0",
      "bin": {
        "tsc": "bin/tsc",
        "tsserver": "bin/tsserver"
      },
      "engines": {
        "node": ">=14.17"
      }
    },
    "node_modules/undici-types": {
      "version": "6.19.8",
      "resolved": "https://registry.npmjs.org/undici-types/-/undici-types-6.19.8.tgz",
      "integrity": "sha512-ve2KP6f/JnbPBFyobGHuerC9g1FYGn/F8n1LWTwNxCEzd6IfqTwUQcNXgEtmmQ6DlRrC1hrSrBnCZPokRrDHjw==",
      "dev": true,
      "license": "MIT"
    },
    "node_modules/web-streams-polyfill": {
      "version": "3.3.3",
      "resolved": "https://registry.npmjs.org/web-streams-polyfill/-/web-streams-polyfill-3.3.3.tgz",
      "integrity": "sha512-d2JWLCivmZYTSIoge9MsgFCZrt571BikcWGYkjC1khllbTeDlGqZ2D8vD8E/lJa8WGWbb7Plm8/XJYV7IJHZZw==",
      "license": "MIT",
      "engines": {
        "node": ">= 8"
      }
    }
  }
}
