{
  "name": "alphadb",
  "version": "1.0.0",
  "lockfileVersion": 3,
  "requires": true,
  "packages": {
    "": {
      "name": "alphadb",
      "version": "1.0.0",
      "license": "GPL-3.0",
      "dependencies": {
        "@neon-rs/load": "^0.1.82"
      },
      "devDependencies": {
        "@neon-rs/cli": "^0.1.82",
        "@tsconfig/node20": "^20.1.4",
        "@types/node": "^20.11.16",
        "typescript": "^5.3.3"
      }
    },
    "node_modules/@cargo-messages/darwin-arm64": {
      "version": "0.1.81",
      "resolved": "https://registry.npmjs.org/@cargo-messages/darwin-arm64/-/darwin-arm64-0.1.81.tgz",
      "integrity": "sha512-OwGqsw+tbJx37a/vH4T8R9qkrrFYoTIOnckbA9+MhQodE2FSWyk3HvLh+z8jjl+QZa1RSOU9Ax6gt/46h0BiTg==",
      "cpu": [
        "arm64"
      ],
      "dev": true,
      "license": "MIT",
      "optional": true,
      "os": [
        "darwin"
      ]
    },
    "node_modules/@neon-rs/cli": {
      "version": "0.1.82",
      "resolved": "https://registry.npmjs.org/@neon-rs/cli/-/cli-0.1.82.tgz",
      "integrity": "sha512-QrlGPQp9KOGuMvjjua79lEV2QTcE16m8JatG5ITdQpBAwRQpDw5xab57W9130y2iUEfMzYtp7v6pcN1fUB0Exg==",
      "dev": true,
      "license": "MIT",
      "bin": {
        "neon": "index.js"
      },
      "optionalDependencies": {
        "@cargo-messages/android-arm-eabi": "0.1.81",
        "@cargo-messages/darwin-arm64": "0.1.81",
        "@cargo-messages/darwin-x64": "0.1.81",
        "@cargo-messages/linux-arm-gnueabihf": "0.1.81",
        "@cargo-messages/linux-arm64-gnu": "0.1.81",
        "@cargo-messages/linux-arm64-musl": "0.1.81",
        "@cargo-messages/linux-x64-gnu": "0.1.81",
        "@cargo-messages/linux-x64-musl": "0.1.81",
        "@cargo-messages/win32-arm64-msvc": "0.1.81",
        "@cargo-messages/win32-x64-msvc": "0.1.81"
      }
    },
    "node_modules/@neon-rs/load": {
      "version": "0.1.82",
      "resolved": "https://registry.npmjs.org/@neon-rs/load/-/load-0.1.82.tgz",
      "integrity": "sha512-H4Gu2o5kPp+JOEhRrOQCnJnf7X6sv9FBLttM/wSbb4efsgFWeHzfU/ItZ01E5qqEk+U6QGdeVO7lxXIAtYHr5A==",
      "license": "MIT"
    },
    "node_modules/@tsconfig/node20": {
      "version": "20.1.4",
      "resolved": "https://registry.npmjs.org/@tsconfig/node20/-/node20-20.1.4.tgz",
      "integrity": "sha512-sqgsT69YFeLWf5NtJ4Xq/xAF8p4ZQHlmGW74Nu2tD4+g5fAsposc4ZfaaPixVu4y01BEiDCWLRDCvDM5JOsRxg==",
      "dev": true,
      "license": "MIT"
    },
    "node_modules/@types/node": {
      "version": "20.17.10",
      "resolved": "https://registry.npmjs.org/@types/node/-/node-20.17.10.tgz",
      "integrity": "sha512-/jrvh5h6NXhEauFFexRin69nA0uHJ5gwk4iDivp/DeoEua3uwCUto6PC86IpRITBOs4+6i2I56K5x5b6WYGXHA==",
      "dev": true,
      "license": "MIT",
      "dependencies": {
        "undici-types": "~6.19.2"
      }
    },
    "node_modules/typescript": {
      "version": "5.7.2",
      "resolved": "https://registry.npmjs.org/typescript/-/typescript-5.7.2.tgz",
      "integrity": "sha512-i5t66RHxDvVN40HfDd1PsEThGNnlMCMT3jMUuoh9/0TaqWevNontacunWyN02LA9/fIbEWlcHZcgTKb9QoaLfg==",
      "dev": true,
      "license": "Apache-2.0",
      "bin": {
        "tsc": "bin/tsc",
        "tsserver": "bin/tsserver"
      },
      "engines": {
        "node": ">=14.17"
      }
    },
    "node_modules/undici-types": {
      "version": "6.19.8",
      "resolved": "https://registry.npmjs.org/undici-types/-/undici-types-6.19.8.tgz",
      "integrity": "sha512-ve2KP6f/JnbPBFyobGHuerC9g1FYGn/F8n1LWTwNxCEzd6IfqTwUQcNXgEtmmQ6DlRrC1hrSrBnCZPokRrDHjw==",
      "dev": true,
      "license": "MIT"
    }
  }
}
