# THIS IS AN AUTOGENERATED FILE. DO NOT EDIT THIS FILE DIRECTLY.
# yarn lockfile v1


"@neon-rs/cli@^0.1.82":
  version "0.1.82"
  resolved "https://registry.npmjs.org/@neon-rs/cli/-/cli-0.1.82.tgz"
  integrity sha512-QrlGPQp9KOGuMvjjua79lEV2QTcE16m8JatG5ITdQpBAwRQpDw5xab57W9130y2iUEfMzYtp7v6pcN1fUB0Exg==
  optionalDependencies:
    "@cargo-messages/android-arm-eabi" "0.1.81"
    "@cargo-messages/darwin-arm64" "0.1.81"
    "@cargo-messages/darwin-x64" "0.1.81"
    "@cargo-messages/linux-arm-gnueabihf" "0.1.81"
    "@cargo-messages/linux-arm64-gnu" "0.1.81"
    "@cargo-messages/linux-arm64-musl" "0.1.81"
    "@cargo-messages/linux-x64-gnu" "0.1.81"
    "@cargo-messages/linux-x64-musl" "0.1.81"
    "@cargo-messages/win32-arm64-msvc" "0.1.81"
    "@cargo-messages/win32-x64-msvc" "0.1.81"

"@neon-rs/load@^0.1.82":
  version "0.1.82"
  resolved "https://registry.npmjs.org/@neon-rs/load/-/load-0.1.82.tgz"
  integrity sha512-H4Gu2o5kPp+JOEhRrOQCnJnf7X6sv9FBLttM/wSbb4efsgFWeHzfU/ItZ01E5qqEk+U6QGdeVO7lxXIAtYHr5A==

"@tsconfig/node20@^20.1.4":
  version "20.1.4"
  resolved "https://registry.npmjs.org/@tsconfig/node20/-/node20-20.1.4.tgz"
  integrity sha512-sqgsT69YFeLWf5NtJ4Xq/xAF8p4ZQHlmGW74Nu2tD4+g5fAsposc4ZfaaPixVu4y01BEiDCWLRDCvDM5JOsRxg==

"@types/node@^20.11.16":
  version "20.17.10"
  resolved "https://registry.npmjs.org/@types/node/-/node-20.17.10.tgz"
  integrity sha512-/jrvh5h6NXhEauFFexRin69nA0uHJ5gwk4iDivp/DeoEua3uwCUto6PC86IpRITBOs4+6i2I56K5x5b6WYGXHA==
  dependencies:
    undici-types "~6.19.2"

data-uri-to-buffer@^4.0.0:
  version "4.0.1"
  resolved "https://registry.npmjs.org/data-uri-to-buffer/-/data-uri-to-buffer-4.0.1.tgz"
  integrity sha512-0R9ikRb668HB7QDxT1vkpuUBtqc53YyAwMwGeUFKRojY/NWKvdZ+9UYtRfGmhqNbRkTSVpMbmyhXipFFv2cb/A==

fetch-blob@^3.1.2, fetch-blob@^3.1.4:
  version "3.2.0"
  resolved "https://registry.npmjs.org/fetch-blob/-/fetch-blob-3.2.0.tgz"
  integrity sha512-7yAQpD2UMJzLi1Dqv7qFYnPbaPx7ZfFK6PiIxQ4PfkGPyNyl2Ugx+a/umUonmKqjhM4DnfbMvdX6otXq83soQQ==
  dependencies:
    node-domexception "^1.0.0"
    web-streams-polyfill "^3.0.3"

formdata-polyfill@^4.0.10:
  version "4.0.10"
  resolved "https://registry.npmjs.org/formdata-polyfill/-/formdata-polyfill-4.0.10.tgz"
  integrity sha512-buewHzMvYL29jdeQTVILecSaZKnt/RJWjoZCF5OW60Z67/GmSLBkOFM7qh1PI3zFNtJbaZL5eQu1vLfazOwj4g==
  dependencies:
    fetch-blob "^3.1.2"

node-domexception@^1.0.0:
  version "1.0.0"
  resolved "https://registry.npmjs.org/node-domexception/-/node-domexception-1.0.0.tgz"
  integrity sha512-/jKZoMpw0F8GRwl4/eLROPA3cfcXtLApP0QzLmUT/HuPCZWyB7IY9ZrMeKw2O/nFIqPQB3PVM9aYm0F312AXDQ==

node-fetch@^3.3.2:
  version "3.3.2"
  resolved "https://registry.npmjs.org/node-fetch/-/node-fetch-3.3.2.tgz"
  integrity sha512-dRB78srN/l6gqWulah9SrxeYnxeddIG30+GOqK/9OlLVyLg3HPnr6SqOWTWOXKRwC2eGYCkZ59NNuSgvSrpgOA==
  dependencies:
    data-uri-to-buffer "^4.0.0"
    fetch-blob "^3.1.4"
    formdata-polyfill "^4.0.10"

typescript@^5.3.3:
  version "5.7.2"
  resolved "https://registry.npmjs.org/typescript/-/typescript-5.7.2.tgz"
  integrity sha512-i5t66RHxDvVN40HfDd1PsEThGNnlMCMT3jMUuoh9/0TaqWevNontacunWyN02LA9/fIbEWlcHZcgTKb9QoaLfg==

undici-types@~6.19.2:
  version "6.19.8"
  resolved "https://registry.npmjs.org/undici-types/-/undici-types-6.19.8.tgz"
  integrity sha512-ve2KP6f/JnbPBFyobGHuerC9g1FYGn/F8n1LWTwNxCEzd6IfqTwUQcNXgEtmmQ6DlRrC1hrSrBnCZPokRrDHjw==

web-streams-polyfill@^3.0.3:
  version "3.3.3"
  resolved "https://registry.npmjs.org/web-streams-polyfill/-/web-streams-polyfill-3.3.3.tgz"
  integrity sha512-d2JWLCivmZYTSIoge9MsgFCZrt571BikcWGYkjC1khllbTeDlGqZ2D8vD8E/lJa8WGWbb7Plm8/XJYV7IJHZZw==
